// !$*UTF8*$!
{
	archiveVersion = 1;
	classes = {
	};
	objectVersion = 46;
	objects = {

/* Begin PBXBuildFile section */
		184BC085A68950DB96A3D54C /* Pods_socialnetwork.framework in Frameworks */ = {isa = PBXBuildFile; fileRef = A7A37D513B3C979F84027D5C /* Pods_socialnetwork.framework */; };
		386E6CAD1ECC05F200749719 /* FeedVC.swift in Sources */ = {isa = PBXBuildFile; fileRef = 386E6CAC1ECC05F200749719 /* FeedVC.swift */; };
		38D8344D1ECAB4B2005A0540 /* AppDelegate.swift in Sources */ = {isa = PBXBuildFile; fileRef = 38D8344C1ECAB4B2005A0540 /* AppDelegate.swift */; };
		38D8344F1ECAB4B2005A0540 /* SignInVC.swift in Sources */ = {isa = PBXBuildFile; fileRef = 38D8344E1ECAB4B2005A0540 /* SignInVC.swift */; };
		38D834521ECAB4B2005A0540 /* Main.storyboard in Resources */ = {isa = PBXBuildFile; fileRef = 38D834501ECAB4B2005A0540 /* Main.storyboard */; };
		38D834541ECAB4B2005A0540 /* Assets.xcassets in Resources */ = {isa = PBXBuildFile; fileRef = 38D834531ECAB4B2005A0540 /* Assets.xcassets */; };
		38D834571ECAB4B2005A0540 /* LaunchScreen.storyboard in Resources */ = {isa = PBXBuildFile; fileRef = 38D834551ECAB4B2005A0540 /* LaunchScreen.storyboard */; };
		38D8345F1ECAB59E005A0540 /* GoogleService-Info.plist in Resources */ = {isa = PBXBuildFile; fileRef = 38D8345E1ECAB59E005A0540 /* GoogleService-Info.plist */; };
		38D834661ECADE35005A0540 /* FancyView.swift in Sources */ = {isa = PBXBuildFile; fileRef = 38D834651ECADE35005A0540 /* FancyView.swift */; };
		38D834691ECADEB2005A0540 /* Constants.swift in Sources */ = {isa = PBXBuildFile; fileRef = 38D834681ECADEB2005A0540 /* Constants.swift */; };
		38D8346B1ECAE02D005A0540 /* RoundButton.swift in Sources */ = {isa = PBXBuildFile; fileRef = 38D8346A1ECAE02D005A0540 /* RoundButton.swift */; };
		38D8346D1ECAE89D005A0540 /* FancyField.swift in Sources */ = {isa = PBXBuildFile; fileRef = 38D8346C1ECAE89D005A0540 /* FancyField.swift */; };
		38D8346F1ECAEAC0005A0540 /* FancyButton.swift in Sources */ = {isa = PBXBuildFile; fileRef = 38D8346E1ECAEAC0005A0540 /* FancyButton.swift */; };
/* End PBXBuildFile section */

/* Begin PBXFileReference section */
		0BC9B46B678C2A3C65D2F838 /* Pods-socialnetwork.debug.xcconfig */ = {isa = PBXFileReference; includeInIndex = 1; lastKnownFileType = text.xcconfig; name = "Pods-socialnetwork.debug.xcconfig"; path = "Pods/Target Support Files/Pods-socialnetwork/Pods-socialnetwork.debug.xcconfig"; sourceTree = "<group>"; };
		18AAAEE5848A5A7E834C97E2 /* Pods-socialnetwork.release.xcconfig */ = {isa = PBXFileReference; includeInIndex = 1; lastKnownFileType = text.xcconfig; name = "Pods-socialnetwork.release.xcconfig"; path = "Pods/Target Support Files/Pods-socialnetwork/Pods-socialnetwork.release.xcconfig"; sourceTree = "<group>"; };
		386E6CAC1ECC05F200749719 /* FeedVC.swift */ = {isa = PBXFileReference; fileEncoding = 4; lastKnownFileType = sourcecode.swift; path = FeedVC.swift; sourceTree = "<group>"; };
		38D834491ECAB4B2005A0540 /* socialnetwork.app */ = {isa = PBXFileReference; explicitFileType = wrapper.application; includeInIndex = 0; path = socialnetwork.app; sourceTree = BUILT_PRODUCTS_DIR; };
		38D8344C1ECAB4B2005A0540 /* AppDelegate.swift */ = {isa = PBXFileReference; lastKnownFileType = sourcecode.swift; path = AppDelegate.swift; sourceTree = "<group>"; };
		38D8344E1ECAB4B2005A0540 /* SignInVC.swift */ = {isa = PBXFileReference; lastKnownFileType = sourcecode.swift; path = SignInVC.swift; sourceTree = "<group>"; };
		38D834511ECAB4B2005A0540 /* Base */ = {isa = PBXFileReference; lastKnownFileType = file.storyboard; name = Base; path = Base.lproj/Main.storyboard; sourceTree = "<group>"; };
		38D834531ECAB4B2005A0540 /* Assets.xcassets */ = {isa = PBXFileReference; lastKnownFileType = folder.assetcatalog; path = Assets.xcassets; sourceTree = "<group>"; };
		38D834561ECAB4B2005A0540 /* Base */ = {isa = PBXFileReference; lastKnownFileType = file.storyboard; name = Base; path = Base.lproj/LaunchScreen.storyboard; sourceTree = "<group>"; };
		38D834581ECAB4B2005A0540 /* Info.plist */ = {isa = PBXFileReference; lastKnownFileType = text.plist.xml; path = Info.plist; sourceTree = "<group>"; };
		38D8345E1ECAB59E005A0540 /* GoogleService-Info.plist */ = {isa = PBXFileReference; fileEncoding = 4; lastKnownFileType = text.plist.xml; path = "GoogleService-Info.plist"; sourceTree = "<group>"; };
		38D834651ECADE35005A0540 /* FancyView.swift */ = {isa = PBXFileReference; fileEncoding = 4; lastKnownFileType = sourcecode.swift; path = FancyView.swift; sourceTree = "<group>"; };
		38D834681ECADEB2005A0540 /* Constants.swift */ = {isa = PBXFileReference; fileEncoding = 4; lastKnownFileType = sourcecode.swift; path = Constants.swift; sourceTree = "<group>"; };
		38D8346A1ECAE02D005A0540 /* RoundButton.swift */ = {isa = PBXFileReference; fileEncoding = 4; lastKnownFileType = sourcecode.swift; path = RoundButton.swift; sourceTree = "<group>"; };
		38D8346C1ECAE89D005A0540 /* FancyField.swift */ = {isa = PBXFileReference; fileEncoding = 4; lastKnownFileType = sourcecode.swift; path = FancyField.swift; sourceTree = "<group>"; };
		38D8346E1ECAEAC0005A0540 /* FancyButton.swift */ = {isa = PBXFileReference; fileEncoding = 4; lastKnownFileType = sourcecode.swift; path = FancyButton.swift; sourceTree = "<group>"; };
		A7A37D513B3C979F84027D5C /* Pods_socialnetwork.framework */ = {isa = PBXFileReference; explicitFileType = wrapper.framework; includeInIndex = 0; path = Pods_socialnetwork.framework; sourceTree = BUILT_PRODUCTS_DIR; };
/* End PBXFileReference section */

/* Begin PBXFrameworksBuildPhase section */
		38D834461ECAB4B2005A0540 /* Frameworks */ = {
			isa = PBXFrameworksBuildPhase;
			buildActionMask = 2147483647;
			files = (
				184BC085A68950DB96A3D54C /* Pods_socialnetwork.framework in Frameworks */,
			);
			runOnlyForDeploymentPostprocessing = 0;
		};
/* End PBXFrameworksBuildPhase section */

/* Begin PBXGroup section */
		38D834401ECAB4B2005A0540 = {
			isa = PBXGroup;
			children = (
				38D8344B1ECAB4B2005A0540 /* socialnetwork */,
				38D8344A1ECAB4B2005A0540 /* Products */,
				BBCB95CD0373A599C43561A0 /* Pods */,
				B9D93811AF0020C7F63E69CA /* Frameworks */,
			);
			sourceTree = "<group>";
		};
		38D8344A1ECAB4B2005A0540 /* Products */ = {
			isa = PBXGroup;
			children = (
				38D834491ECAB4B2005A0540 /* socialnetwork.app */,
			);
			name = Products;
			sourceTree = "<group>";
		};
		38D8344B1ECAB4B2005A0540 /* socialnetwork */ = {
			isa = PBXGroup;
			children = (
				38D834671ECADEA3005A0540 /* Util */,
				38D834631ECAB60C005A0540 /* Config */,
				38D834621ECAB5FB005A0540 /* Model */,
				38D834611ECAB5F5005A0540 /* View */,
				38D834601ECAB5EE005A0540 /* Controller */,
				38D834641ECAB613005A0540 /* Resources */,
				38D8344C1ECAB4B2005A0540 /* AppDelegate.swift */,
			);
			path = socialnetwork;
			sourceTree = "<group>";
		};
		38D834601ECAB5EE005A0540 /* Controller */ = {
			isa = PBXGroup;
			children = (
				38D8344E1ECAB4B2005A0540 /* SignInVC.swift */,
				386E6CAC1ECC05F200749719 /* FeedVC.swift */,
			);
			name = Controller;
			sourceTree = "<group>";
		};
		38D834611ECAB5F5005A0540 /* View */ = {
			isa = PBXGroup;
			children = (
				38D834551ECAB4B2005A0540 /* LaunchScreen.storyboard */,
				38D834501ECAB4B2005A0540 /* Main.storyboard */,
				38D834651ECADE35005A0540 /* FancyView.swift */,
				38D8346A1ECAE02D005A0540 /* RoundButton.swift */,
				38D8346C1ECAE89D005A0540 /* FancyField.swift */,
				38D8346E1ECAEAC0005A0540 /* FancyButton.swift */,
			);
			name = View;
			sourceTree = "<group>";
		};
		38D834621ECAB5FB005A0540 /* Model */ = {
			isa = PBXGroup;
			children = (
			);
			name = Model;
			sourceTree = "<group>";
		};
		38D834631ECAB60C005A0540 /* Config */ = {
			isa = PBXGroup;
			children = (
				38D8345E1ECAB59E005A0540 /* GoogleService-Info.plist */,
				38D834581ECAB4B2005A0540 /* Info.plist */,
			);
			name = Config;
			sourceTree = "<group>";
		};
		38D834641ECAB613005A0540 /* Resources */ = {
			isa = PBXGroup;
			children = (
				38D834531ECAB4B2005A0540 /* Assets.xcassets */,
			);
			name = Resources;
			sourceTree = "<group>";
		};
		38D834671ECADEA3005A0540 /* Util */ = {
			isa = PBXGroup;
			children = (
				38D834681ECADEB2005A0540 /* Constants.swift */,
			);
			name = Util;
			sourceTree = "<group>";
		};
		B9D93811AF0020C7F63E69CA /* Frameworks */ = {
			isa = PBXGroup;
			children = (
				A7A37D513B3C979F84027D5C /* Pods_socialnetwork.framework */,
			);
			name = Frameworks;
			sourceTree = "<group>";
		};
		BBCB95CD0373A599C43561A0 /* Pods */ = {
			isa = PBXGroup;
			children = (
				0BC9B46B678C2A3C65D2F838 /* Pods-socialnetwork.debug.xcconfig */,
				18AAAEE5848A5A7E834C97E2 /* Pods-socialnetwork.release.xcconfig */,
			);
			name = Pods;
			sourceTree = "<group>";
		};
/* End PBXGroup section */

/* Begin PBXNativeTarget section */
		38D834481ECAB4B2005A0540 /* socialnetwork */ = {
			isa = PBXNativeTarget;
			buildConfigurationList = 38D8345B1ECAB4B2005A0540 /* Build configuration list for PBXNativeTarget "socialnetwork" */;
			buildPhases = (
				D2A87F245194A18A79EFED8D /* [CP] Check Pods Manifest.lock */,
				38D834451ECAB4B2005A0540 /* Sources */,
				38D834461ECAB4B2005A0540 /* Frameworks */,
				38D834471ECAB4B2005A0540 /* Resources */,
				BB148233FB919266D6DFC3A5 /* [CP] Embed Pods Frameworks */,
				F5036ECB50A3ADB47DCAF804 /* [CP] Copy Pods Resources */,
			);
			buildRules = (
			);
			dependencies = (
			);
			name = socialnetwork;
			productName = socialnetwork;
			productReference = 38D834491ECAB4B2005A0540 /* socialnetwork.app */;
			productType = "com.apple.product-type.application";
		};
/* End PBXNativeTarget section */

/* Begin PBXProject section */
		38D834411ECAB4B2005A0540 /* Project object */ = {
			isa = PBXProject;
			attributes = {
				LastSwiftUpdateCheck = 0830;
				LastUpgradeCheck = 0830;
				ORGANIZATIONNAME = "Diani Pavitri Rahasta";
				TargetAttributes = {
					38D834481ECAB4B2005A0540 = {
						CreatedOnToolsVersion = 8.3.2;
						DevelopmentTeam = GSW8WMLB2E;
						ProvisioningStyle = Automatic;
					};
				};
			};
			buildConfigurationList = 38D834441ECAB4B2005A0540 /* Build configuration list for PBXProject "socialnetwork" */;
			compatibilityVersion = "Xcode 3.2";
			developmentRegion = English;
			hasScannedForEncodings = 0;
			knownRegions = (
				en,
				Base,
			);
			mainGroup = 38D834401ECAB4B2005A0540;
			productRefGroup = 38D8344A1ECAB4B2005A0540 /* Products */;
			projectDirPath = "";
			projectRoot = "";
			targets = (
				38D834481ECAB4B2005A0540 /* socialnetwork */,
			);
		};
/* End PBXProject section */

/* Begin PBXResourcesBuildPhase section */
		38D834471ECAB4B2005A0540 /* Resources */ = {
			isa = PBXResourcesBuildPhase;
			buildActionMask = 2147483647;
			files = (
				38D834571ECAB4B2005A0540 /* LaunchScreen.storyboard in Resources */,
				38D8345F1ECAB59E005A0540 /* GoogleService-Info.plist in Resources */,
				38D834541ECAB4B2005A0540 /* Assets.xcassets in Resources */,
				38D834521ECAB4B2005A0540 /* Main.storyboard in Resources */,
			);
			runOnlyForDeploymentPostprocessing = 0;
		};
/* End PBXResourcesBuildPhase section */

/* Begin PBXShellScriptBuildPhase section */
		BB148233FB919266D6DFC3A5 /* [CP] Embed Pods Frameworks */ = {
			isa = PBXShellScriptBuildPhase;
			buildActionMask = 2147483647;
			files = (
			);
			inputPaths = (
			);
			name = "[CP] Embed Pods Frameworks";
			outputPaths = (
			);
			runOnlyForDeploymentPostprocessing = 0;
			shellPath = /bin/sh;
			shellScript = "\"${SRCROOT}/Pods/Target Support Files/Pods-socialnetwork/Pods-socialnetwork-frameworks.sh\"\n";
			showEnvVarsInLog = 0;
		};
		D2A87F245194A18A79EFED8D /* [CP] Check Pods Manifest.lock */ = {
			isa = PBXShellScriptBuildPhase;
			buildActionMask = 2147483647;
			files = (
			);
			inputPaths = (
			);
			name = "[CP] Check Pods Manifest.lock";
			outputPaths = (
			);
			runOnlyForDeploymentPostprocessing = 0;
			shellPath = /bin/sh;
			shellScript = "diff \"${PODS_PODFILE_DIR_PATH}/Podfile.lock\" \"${PODS_ROOT}/Manifest.lock\" > /dev/null\nif [ $? != 0 ] ; then\n    # print error to STDERR\n    echo \"error: The sandbox is not in sync with the Podfile.lock. Run 'pod install' or update your CocoaPods installation.\" >&2\n    exit 1\nfi\n";
			showEnvVarsInLog = 0;
		};
		F5036ECB50A3ADB47DCAF804 /* [CP] Copy Pods Resources */ = {
			isa = PBXShellScriptBuildPhase;
			buildActionMask = 2147483647;
			files = (
			);
			inputPaths = (
			);
			name = "[CP] Copy Pods Resources";
			outputPaths = (
			);
			runOnlyForDeploymentPostprocessing = 0;
			shellPath = /bin/sh;
			shellScript = "\"${SRCROOT}/Pods/Target Support Files/Pods-socialnetwork/Pods-socialnetwork-resources.sh\"\n";
			showEnvVarsInLog = 0;
		};
/* End PBXShellScriptBuildPhase section */

/* Begin PBXSourcesBuildPhase section */
		38D834451ECAB4B2005A0540 /* Sources */ = {
			isa = PBXSourcesBuildPhase;
			buildActionMask = 2147483647;
			files = (
				38D8346D1ECAE89D005A0540 /* FancyField.swift in Sources */,
				38D8344F1ECAB4B2005A0540 /* SignInVC.swift in Sources */,
				38D8346B1ECAE02D005A0540 /* RoundButton.swift in Sources */,
				38D8346F1ECAEAC0005A0540 /* FancyButton.swift in Sources */,
				386E6CAD1ECC05F200749719 /* FeedVC.swift in Sources */,
				38D8344D1ECAB4B2005A0540 /* AppDelegate.swift in Sources */,
				38D834661ECADE35005A0540 /* FancyView.swift in Sources */,
				38D834691ECADEB2005A0540 /* Constants.swift in Sources */,
			);
			runOnlyForDeploymentPostprocessing = 0;
		};
/* End PBXSourcesBuildPhase section */

/* Begin PBXVariantGroup section */
		38D834501ECAB4B2005A0540 /* Main.storyboard */ = {
			isa = PBXVariantGroup;
			children = (
				38D834511ECAB4B2005A0540 /* Base */,
			);
			name = Main.storyboard;
			sourceTree = "<group>";
		};
		38D834551ECAB4B2005A0540 /* LaunchScreen.storyboard */ = {
			isa = PBXVariantGroup;
			children = (
				38D834561ECAB4B2005A0540 /* Base */,
			);
			name = LaunchScreen.storyboard;
			sourceTree = "<group>";
		};
/* End PBXVariantGroup section */

/* Begin XCBuildConfiguration section */
		38D834591ECAB4B2005A0540 /* Debug */ = {
			isa = XCBuildConfiguration;
			buildSettings = {
				ALWAYS_SEARCH_USER_PATHS = NO;
				CLANG_ANALYZER_NONNULL = YES;
				CLANG_ANALYZER_NUMBER_OBJECT_CONVERSION = YES_AGGRESSIVE;
				CLANG_CXX_LANGUAGE_STANDARD = "gnu++0x";
				CLANG_CXX_LIBRARY = "libc++";
				CLANG_ENABLE_MODULES = YES;
				CLANG_ENABLE_OBJC_ARC = YES;
				CLANG_WARN_BOOL_CONVERSION = YES;
				CLANG_WARN_CONSTANT_CONVERSION = YES;
				CLANG_WARN_DIRECT_OBJC_ISA_USAGE = YES_ERROR;
				CLANG_WARN_DOCUMENTATION_COMMENTS = YES;
				CLANG_WARN_EMPTY_BODY = YES;
				CLANG_WARN_ENUM_CONVERSION = YES;
				CLANG_WARN_INFINITE_RECURSION = YES;
				CLANG_WARN_INT_CONVERSION = YES;
				CLANG_WARN_OBJC_ROOT_CLASS = YES_ERROR;
				CLANG_WARN_SUSPICIOUS_MOVE = YES;
				CLANG_WARN_UNREACHABLE_CODE = YES;
				CLANG_WARN__DUPLICATE_METHOD_MATCH = YES;
				"CODE_SIGN_IDENTITY[sdk=iphoneos*]" = "iPhone Developer";
				COPY_PHASE_STRIP = NO;
				DEBUG_INFORMATION_FORMAT = dwarf;
				ENABLE_STRICT_OBJC_MSGSEND = YES;
				ENABLE_TESTABILITY = YES;
				GCC_C_LANGUAGE_STANDARD = gnu99;
				GCC_DYNAMIC_NO_PIC = NO;
				GCC_NO_COMMON_BLOCKS = YES;
				GCC_OPTIMIZATION_LEVEL = 0;
				GCC_PREPROCESSOR_DEFINITIONS = (
					"DEBUG=1",
					"$(inherited)",
				);
				GCC_WARN_64_TO_32_BIT_CONVERSION = YES;
				GCC_WARN_ABOUT_RETURN_TYPE = YES_ERROR;
				GCC_WARN_UNDECLARED_SELECTOR = YES;
				GCC_WARN_UNINITIALIZED_AUTOS = YES_AGGRESSIVE;
				GCC_WARN_UNUSED_FUNCTION = YES;
				GCC_WARN_UNUSED_VARIABLE = YES;
				IPHONEOS_DEPLOYMENT_TARGET = 10.3;
				MTL_ENABLE_DEBUG_INFO = YES;
				ONLY_ACTIVE_ARCH = YES;
				SDKROOT = iphoneos;
				SWIFT_ACTIVE_COMPILATION_CONDITIONS = DEBUG;
				SWIFT_OPTIMIZATION_LEVEL = "-Onone";
				TARGETED_DEVICE_FAMILY = "1,2";
			};
			name = Debug;
		};
		38D8345A1ECAB4B2005A0540 /* Release */ = {
			isa = XCBuildConfiguration;
			buildSettings = {
				ALWAYS_SEARCH_USER_PATHS = NO;
				CLANG_ANALYZER_NONNULL = YES;
				CLANG_ANALYZER_NUMBER_OBJECT_CONVERSION = YES_AGGRESSIVE;
				CLANG_CXX_LANGUAGE_STANDARD = "gnu++0x";
				CLANG_CXX_LIBRARY = "libc++";
				CLANG_ENABLE_MODULES = YES;
				CLANG_ENABLE_OBJC_ARC = YES;
				CLANG_WARN_BOOL_CONVERSION = YES;
				CLANG_WARN_CONSTANT_CONVERSION = YES;
				CLANG_WARN_DIRECT_OBJC_ISA_USAGE = YES_ERROR;
				CLANG_WARN_DOCUMENTATION_COMMENTS = YES;
				CLANG_WARN_EMPTY_BODY = YES;
				CLANG_WARN_ENUM_CONVERSION = YES;
				CLANG_WARN_INFINITE_RECURSION = YES;
				CLANG_WARN_INT_CONVERSION = YES;
				CLANG_WARN_OBJC_ROOT_CLASS = YES_ERROR;
				CLANG_WARN_SUSPICIOUS_MOVE = YES;
				CLANG_WARN_UNREACHABLE_CODE = YES;
				CLANG_WARN__DUPLICATE_METHOD_MATCH = YES;
				"CODE_SIGN_IDENTITY[sdk=iphoneos*]" = "iPhone Developer";
				COPY_PHASE_STRIP = NO;
				DEBUG_INFORMATION_FORMAT = "dwarf-with-dsym";
				ENABLE_NS_ASSERTIONS = NO;
				ENABLE_STRICT_OBJC_MSGSEND = YES;
				GCC_C_LANGUAGE_STANDARD = gnu99;
				GCC_NO_COMMON_BLOCKS = YES;
				GCC_WARN_64_TO_32_BIT_CONVERSION = YES;
				GCC_WARN_ABOUT_RETURN_TYPE = YES_ERROR;
				GCC_WARN_UNDECLARED_SELECTOR = YES;
				GCC_WARN_UNINITIALIZED_AUTOS = YES_AGGRESSIVE;
				GCC_WARN_UNUSED_FUNCTION = YES;
				GCC_WARN_UNUSED_VARIABLE = YES;
				IPHONEOS_DEPLOYMENT_TARGET = 10.3;
				MTL_ENABLE_DEBUG_INFO = NO;
				SDKROOT = iphoneos;
				SWIFT_OPTIMIZATION_LEVEL = "-Owholemodule";
				TARGETED_DEVICE_FAMILY = "1,2";
				VALIDATE_PRODUCT = YES;
			};
			name = Release;
		};
		38D8345C1ECAB4B2005A0540 /* Debug */ = {
			isa = XCBuildConfiguration;
			baseConfigurationReference = 0BC9B46B678C2A3C65D2F838 /* Pods-socialnetwork.debug.xcconfig */;
			buildSettings = {
				ASSETCATALOG_COMPILER_APPICON_NAME = AppIcon;
				DEVELOPMENT_TEAM = GSW8WMLB2E;
				INFOPLIST_FILE = socialnetwork/Info.plist;
				LD_RUNPATH_SEARCH_PATHS = "$(inherited) @executable_path/Frameworks";
				PRODUCT_BUNDLE_IDENTIFIER = com.pegipegi.socialnetwork;
				PRODUCT_NAME = "$(TARGET_NAME)";
				SWIFT_VERSION = 3.0;
			};
			name = Debug;
		};
		38D8345D1ECAB4B2005A0540 /* Release */ = {
			isa = XCBuildConfiguration;
			baseConfigurationReference = 18AAAEE5848A5A7E834C97E2 /* Pods-socialnetwork.release.xcconfig */;
			buildSettings = {
				ASSETCATALOG_COMPILER_APPICON_NAME = AppIcon;
				DEVELOPMENT_TEAM = GSW8WMLB2E;
				INFOPLIST_FILE = socialnetwork/Info.plist;
				LD_RUNPATH_SEARCH_PATHS = "$(inherited) @executable_path/Frameworks";
				PRODUCT_BUNDLE_IDENTIFIER = com.pegipegi.socialnetwork;
				PRODUCT_NAME = "$(TARGET_NAME)";
				SWIFT_VERSION = 3.0;
			};
			name = Release;
		};
/* End XCBuildConfiguration section */

/* Begin XCConfigurationList section */
		38D834441ECAB4B2005A0540 /* Build configuration list for PBXProject "socialnetwork" */ = {
			isa = XCConfigurationList;
			buildConfigurations = (
				38D834591ECAB4B2005A0540 /* Debug */,
				38D8345A1ECAB4B2005A0540 /* Release */,
			);
			defaultConfigurationIsVisible = 0;
			defaultConfigurationName = Release;
		};
		38D8345B1ECAB4B2005A0540 /* Build configuration list for PBXNativeTarget "socialnetwork" */ = {
			isa = XCConfigurationList;
			buildConfigurations = (
				38D8345C1ECAB4B2005A0540 /* Debug */,
				38D8345D1ECAB4B2005A0540 /* Release */,
			);
			defaultConfigurationIsVisible = 0;
			defaultConfigurationName = Release;
		};
/* End XCConfigurationList section */
	};
	rootObject = 38D834411ECAB4B2005A0540 /* Project object */;
}
